
Microsoft Visual Studio Solution File, Format Version 12.00
# Visual Studio Version 17
VisualStudioVersion = 17.14.36603.0 d17.14
MinimumVisualStudioVersion = 10.0.40219.1
Project("{8BC9CEB8-8B4A-11D0-8D11-00A0C91BC942}") = "Assignment_1_24179949", "Assignment_1_24179949\Assignment_1_24179949.vcxproj", "{D7A97D2D-8B0A-4700-BA25-7222508A62C9}"
EndProject
Project("{2150E333-8FDC-42A3-9474-1A3956D46DE8}") = "Solution Items", "Solution Items", "{8EC462FD-D22E-90A8-E5CE-7E832BA40C5D}"
	ProjectSection(SolutionItems) = preProject
		24179949.txt = 24179949.txt
	EndProjectSection
EndProject
Global
	GlobalSection(SolutionConfigurationPlatforms) = preSolution
		Debug|x64 = Debug|x64
		Debug|x86 = Debug|x86
		Release|x64 = Release|x64
		Release|x86 = Release|x86
	EndGlobalSection
	GlobalSection(ProjectConfigurationPlatforms) = postSolution
		{D7A97D2D-8B0A-4700-BA25-7222508A62C9}.Debug|x64.ActiveCfg = Debug|x64
		{D7A97D2D-8B0A-4700-BA25-7222508A62C9}.Debug|x64.Build.0 = Debug|x64
		{D7A97D2D-8B0A-4700-BA25-7222508A62C9}.Debug|x86.ActiveCfg = Debug|Win32
		{D7A97D2D-8B0A-4700-BA25-7222508A62C9}.Debug|x86.Build.0 = Debug|Win32
		{D7A97D2D-8B0A-4700-BA25-7222508A62C9}.Release|x64.ActiveCfg = Release|x64
		{D7A97D2D-8B0A-4700-BA25-7222508A62C9}.Release|x64.Build.0 = Release|x64
		{D7A97D2D-8B0A-4700-BA25-7222508A62C9}.Release|x86.ActiveCfg = Release|Win32
		{D7A97D2D-8B0A-4700-BA25-7222508A62C9}.Release|x86.Build.0 = Release|Win32
	EndGlobalSection
	GlobalSection(SolutionProperties) = preSolution
		HideSolutionNode = FALSE
	EndGlobalSection
	GlobalSection(ExtensibilityGlobals) = postSolution
		SolutionGuid = {85715016-AD89-43B0-B9B3-E6FD3C931B54}
	EndGlobalSection
EndGlobal
